
Microsoft Visual Studio Solution File, Format Version 12.00
# Visual Studio Version 18
VisualStudioVersion = 18.3.11520.95 d18.3
MinimumVisualStudioVersion = 10.0.40219.1
Project("{FAE04EC0-301F-11D3-BF4B-00C04F79EFBC}") = "GitHubIntegrationApi", "GitHubIntegrationApi\GitHubIntegrationApi.csproj", "{D96A6E91-5682-4977-9873-58C6DC70DCF8}"
EndProject
Project("{FAE04EC0-301F-11D3-BF4B-00C04F79EFBC}") = "GitHubIntegrationService", "GitHubIntegrationService\GitHubIntegrationService.csproj", "{DFB491CC-985B-4E0A-86CC-C9DFD727002D}"
EndProject
Project("{54A90642-561A-4BB1-A94E-469ADEE60C69}") = "github-repository-monitor", "github-repository-monitor\github-repository-monitor.esproj", "{3A0B2763-81B0-41CC-99BD-5CB46379BF87}"
EndProject
Project("{2150E333-8FDC-42A3-9474-1A3956D46DE8}") = "src", "src", "{6BD121B8-4280-4B0D-8E62-92D31B839081}"
	ProjectSection(SolutionItems) = preProject
		docker-compose.yml = docker-compose.yml
		README.md = README.md
	EndProjectSection
EndProject
Global
	GlobalSection(SolutionConfigurationPlatforms) = preSolution
		Debug|Any CPU = Debug|Any CPU
		Debug|x64 = Debug|x64
		Debug|x86 = Debug|x86
		Release|Any CPU = Release|Any CPU
		Release|x64 = Release|x64
		Release|x86 = Release|x86
	EndGlobalSection
	GlobalSection(ProjectConfigurationPlatforms) = postSolution
		{D96A6E91-5682-4977-9873-58C6DC70DCF8}.Debug|Any CPU.ActiveCfg = Debug|Any CPU
		{D96A6E91-5682-4977-9873-58C6DC70DCF8}.Debug|Any CPU.Build.0 = Debug|Any CPU
		{D96A6E91-5682-4977-9873-58C6DC70DCF8}.Debug|x64.ActiveCfg = Debug|Any CPU
		{D96A6E91-5682-4977-9873-58C6DC70DCF8}.Debug|x64.Build.0 = Debug|Any CPU
		{D96A6E91-5682-4977-9873-58C6DC70DCF8}.Debug|x86.ActiveCfg = Debug|Any CPU
		{D96A6E91-5682-4977-9873-58C6DC70DCF8}.Debug|x86.Build.0 = Debug|Any CPU
		{D96A6E91-5682-4977-9873-58C6DC70DCF8}.Release|Any CPU.ActiveCfg = Release|Any CPU
		{D96A6E91-5682-4977-9873-58C6DC70DCF8}.Release|Any CPU.Build.0 = Release|Any CPU
		{D96A6E91-5682-4977-9873-58C6DC70DCF8}.Release|x64.ActiveCfg = Release|Any CPU
		{D96A6E91-5682-4977-9873-58C6DC70DCF8}.Release|x64.Build.0 = Release|Any CPU
		{D96A6E91-5682-4977-9873-58C6DC70DCF8}.Release|x86.ActiveCfg = Release|Any CPU
		{D96A6E91-5682-4977-9873-58C6DC70DCF8}.Release|x86.Build.0 = Release|Any CPU
		{DFB491CC-985B-4E0A-86CC-C9DFD727002D}.Debug|Any CPU.ActiveCfg = Debug|Any CPU
		{DFB491CC-985B-4E0A-86CC-C9DFD727002D}.Debug|Any CPU.Build.0 = Debug|Any CPU
		{DFB491CC-985B-4E0A-86CC-C9DFD727002D}.Debug|x64.ActiveCfg = Debug|Any CPU
		{DFB491CC-985B-4E0A-86CC-C9DFD727002D}.Debug|x64.Build.0 = Debug|Any CPU
		{DFB491CC-985B-4E0A-86CC-C9DFD727002D}.Debug|x86.ActiveCfg = Debug|Any CPU
		{DFB491CC-985B-4E0A-86CC-C9DFD727002D}.Debug|x86.Build.0 = Debug|Any CPU
		{DFB491CC-985B-4E0A-86CC-C9DFD727002D}.Release|Any CPU.ActiveCfg = Release|Any CPU
		{DFB491CC-985B-4E0A-86CC-C9DFD727002D}.Release|Any CPU.Build.0 = Release|Any CPU
		{DFB491CC-985B-4E0A-86CC-C9DFD727002D}.Release|x64.ActiveCfg = Release|Any CPU
		{DFB491CC-985B-4E0A-86CC-C9DFD727002D}.Release|x64.Build.0 = Release|Any CPU
		{DFB491CC-985B-4E0A-86CC-C9DFD727002D}.Release|x86.ActiveCfg = Release|Any CPU
		{DFB491CC-985B-4E0A-86CC-C9DFD727002D}.Release|x86.Build.0 = Release|Any CPU
		{3A0B2763-81B0-41CC-99BD-5CB46379BF87}.Debug|Any CPU.ActiveCfg = Debug|Any CPU
		{3A0B2763-81B0-41CC-99BD-5CB46379BF87}.Debug|x64.ActiveCfg = Debug|Any CPU
		{3A0B2763-81B0-41CC-99BD-5CB46379BF87}.Debug|x86.ActiveCfg = Debug|Any CPU
		{3A0B2763-81B0-41CC-99BD-5CB46379BF87}.Release|Any CPU.ActiveCfg = Release|Any CPU
		{3A0B2763-81B0-41CC-99BD-5CB46379BF87}.Release|x64.ActiveCfg = Release|Any CPU
		{3A0B2763-81B0-41CC-99BD-5CB46379BF87}.Release|x86.ActiveCfg = Release|Any CPU
	EndGlobalSection
	GlobalSection(SolutionProperties) = preSolution
		HideSolutionNode = FALSE
	EndGlobalSection
	GlobalSection(NestedProjects) = preSolution
		{D96A6E91-5682-4977-9873-58C6DC70DCF8} = {6BD121B8-4280-4B0D-8E62-92D31B839081}
		{DFB491CC-985B-4E0A-86CC-C9DFD727002D} = {6BD121B8-4280-4B0D-8E62-92D31B839081}
		{3A0B2763-81B0-41CC-99BD-5CB46379BF87} = {6BD121B8-4280-4B0D-8E62-92D31B839081}
	EndGlobalSection
	GlobalSection(ExtensibilityGlobals) = postSolution
		SolutionGuid = {58964718-5DF5-4732-8098-EA749A06DE7D}
	EndGlobalSection
EndGlobal
